
Microsoft Visual Studio Solution File, Format Version 12.00
# Visual Studio Version 17
VisualStudioVersion = 17.9.34622.214
MinimumVisualStudioVersion = 10.0.40219.1
Project("{FAE04EC0-301F-11D3-BF4B-00C04F79EFBC}") = "BulkyBookWeb", "BulkyBookWeb\BulkyBookWeb.csproj", "{DF818704-EA7A-4E79-A487-FFE2F9EB1D11}"
EndProject
Global
	GlobalSection(SolutionConfigurationPlatforms) = preSolution
		Debug|Any CPU = Debug|Any CPU
		Release|Any CPU = Release|Any CPU
	EndGlobalSection
	GlobalSection(ProjectConfigurationPlatforms) = postSolution
		{DF818704-EA7A-4E79-A487-FFE2F9EB1D11}.Debug|Any CPU.ActiveCfg = Debug|Any CPU
		{DF818704-EA7A-4E79-A487-FFE2F9EB1D11}.Debug|Any CPU.Build.0 = Debug|Any CPU
		{DF818704-EA7A-4E79-A487-FFE2F9EB1D11}.Release|Any CPU.ActiveCfg = Release|Any CPU
		{DF818704-EA7A-4E79-A487-FFE2F9EB1D11}.Release|Any CPU.Build.0 = Release|Any CPU
	EndGlobalSection
	GlobalSection(SolutionProperties) = preSolution
		HideSolutionNode = FALSE
	EndGlobalSection
	GlobalSection(ExtensibilityGlobals) = postSolution
		SolutionGuid = {70BA1410-177E-43E2-9702-E03E258C36E3}
	EndGlobalSection
EndGlobal
